
Microsoft Visual Studio Solution File, Format Version 12.00
# Visual Studio Version 17
VisualStudioVersion = 17.0.31903.59
MinimumVisualStudioVersion = 10.0.40219.1
Project("{FAE04EC0-301F-11D3-BF4B-00C04F79EFBC}") = "APsiControleApi.Domain", "APsiControleApi.Domain\APsiControleApi.Domain.csproj", "{E8959AED-7AB1-4EFE-B4E6-A030EF0A673B}"
EndProject
Project("{FAE04EC0-301F-11D3-BF4B-00C04F79EFBC}") = "APsiControleApi.Application", "APsiControleApi.Application\APsiControleApi.Application.csproj", "{A4E30790-B999-4791-A354-E857204A927E}"
EndProject
Project("{FAE04EC0-301F-11D3-BF4B-00C04F79EFBC}") = "APsiControleApi.Infrastructure", "APsiControleApi.Infrastructure\APsiControleApi.Infrastructure.csproj", "{4AEDDB62-8807-4370-9D5A-776BE9664B53}"
EndProject
Project("{FAE04EC0-301F-11D3-BF4B-00C04F79EFBC}") = "APsiControleApi.API", "APsiControleApi.API\APsiControleApi.API.csproj", "{6F257CCD-72A1-47DA-ABCA-35C4AF25201E}"
EndProject
Global
	GlobalSection(SolutionConfigurationPlatforms) = preSolution
		Debug|Any CPU = Debug|Any CPU
		Release|Any CPU = Release|Any CPU
	EndGlobalSection
	GlobalSection(SolutionProperties) = preSolution
		HideSolutionNode = FALSE
	EndGlobalSection
	GlobalSection(ProjectConfigurationPlatforms) = postSolution
		{E8959AED-7AB1-4EFE-B4E6-A030EF0A673B}.Debug|Any CPU.ActiveCfg = Debug|Any CPU
		{E8959AED-7AB1-4EFE-B4E6-A030EF0A673B}.Debug|Any CPU.Build.0 = Debug|Any CPU
		{E8959AED-7AB1-4EFE-B4E6-A030EF0A673B}.Release|Any CPU.ActiveCfg = Release|Any CPU
		{E8959AED-7AB1-4EFE-B4E6-A030EF0A673B}.Release|Any CPU.Build.0 = Release|Any CPU
		{A4E30790-B999-4791-A354-E857204A927E}.Debug|Any CPU.ActiveCfg = Debug|Any CPU
		{A4E30790-B999-4791-A354-E857204A927E}.Debug|Any CPU.Build.0 = Debug|Any CPU
		{A4E30790-B999-4791-A354-E857204A927E}.Release|Any CPU.ActiveCfg = Release|Any CPU
		{A4E30790-B999-4791-A354-E857204A927E}.Release|Any CPU.Build.0 = Release|Any CPU
		{4AEDDB62-8807-4370-9D5A-776BE9664B53}.Debug|Any CPU.ActiveCfg = Debug|Any CPU
		{4AEDDB62-8807-4370-9D5A-776BE9664B53}.Debug|Any CPU.Build.0 = Debug|Any CPU
		{4AEDDB62-8807-4370-9D5A-776BE9664B53}.Release|Any CPU.ActiveCfg = Release|Any CPU
		{4AEDDB62-8807-4370-9D5A-776BE9664B53}.Release|Any CPU.Build.0 = Release|Any CPU
		{6F257CCD-72A1-47DA-ABCA-35C4AF25201E}.Debug|Any CPU.ActiveCfg = Debug|Any CPU
		{6F257CCD-72A1-47DA-ABCA-35C4AF25201E}.Debug|Any CPU.Build.0 = Debug|Any CPU
		{6F257CCD-72A1-47DA-ABCA-35C4AF25201E}.Release|Any CPU.ActiveCfg = Release|Any CPU
		{6F257CCD-72A1-47DA-ABCA-35C4AF25201E}.Release|Any CPU.Build.0 = Release|Any CPU
	EndGlobalSection
EndGlobal
